
Microsoft Visual Studio Solution File, Format Version 12.00
# Visual Studio Version 17
VisualStudioVersion = 17.11.35222.181
MinimumVisualStudioVersion = 10.0.40219.1
Project("{FAE04EC0-301F-11D3-BF4B-00C04F79EFBC}") = "Task_Calcolatrice", "Task_Calcolatrice\Task_Calcolatrice.csproj", "{8547FC7A-0839-4ACB-AA8B-7B9AACA46228}"
EndProject
Global
	GlobalSection(SolutionConfigurationPlatforms) = preSolution
		Debug|Any CPU = Debug|Any CPU
		Release|Any CPU = Release|Any CPU
	EndGlobalSection
	GlobalSection(ProjectConfigurationPlatforms) = postSolution
		{8547FC7A-0839-4ACB-AA8B-7B9AACA46228}.Debug|Any CPU.ActiveCfg = Debug|Any CPU
		{8547FC7A-0839-4ACB-AA8B-7B9AACA46228}.Debug|Any CPU.Build.0 = Debug|Any CPU
		{8547FC7A-0839-4ACB-AA8B-7B9AACA46228}.Release|Any CPU.ActiveCfg = Release|Any CPU
		{8547FC7A-0839-4ACB-AA8B-7B9AACA46228}.Release|Any CPU.Build.0 = Release|Any CPU
	EndGlobalSection
	GlobalSection(SolutionProperties) = preSolution
		HideSolutionNode = FALSE
	EndGlobalSection
	GlobalSection(ExtensibilityGlobals) = postSolution
		SolutionGuid = {941558C4-0595-44C2-BE3B-4A4CEE13CB39}
	EndGlobalSection
EndGlobal
